
Microsoft Visual Studio Solution File, Format Version 12.00
# Visual Studio Version 16
VisualStudioVersion = 16.0.30907.101
MinimumVisualStudioVersion = 10.0.40219.1
Project("{9A19103F-16F7-4668-BE54-9A1E7A4F7556}") = "Primes.API", "Primes.API\Primes.API.csproj", "{54E7B780-63E4-4F11-A8F0-439096D5A129}"
EndProject
Project("{2150E333-8FDC-42A3-9474-1A3956D46DE8}") = "Tests", "Tests", "{D258A962-6F13-44A5-B953-560251645998}"
EndProject
Project("{9A19103F-16F7-4668-BE54-9A1E7A4F7556}") = "Primes.Lib", "Primes.Lib\Primes.Lib.csproj", "{F2E9D8CB-705D-4685-B385-6041179C6623}"
EndProject
Project("{FAE04EC0-301F-11D3-BF4B-00C04F79EFBC}") = "Tdd.Api.Tests", "Tests\Tdd.Api.Tests\Tdd.Api.Tests.csproj", "{5863B293-D7C0-48E8-B2F4-E511409322D3}"
EndProject
Global
	GlobalSection(SolutionConfigurationPlatforms) = preSolution
		Debug|Any CPU = Debug|Any CPU
		Release|Any CPU = Release|Any CPU
	EndGlobalSection
	GlobalSection(ProjectConfigurationPlatforms) = postSolution
		{54E7B780-63E4-4F11-A8F0-439096D5A129}.Debug|Any CPU.ActiveCfg = Debug|Any CPU
		{54E7B780-63E4-4F11-A8F0-439096D5A129}.Debug|Any CPU.Build.0 = Debug|Any CPU
		{54E7B780-63E4-4F11-A8F0-439096D5A129}.Release|Any CPU.ActiveCfg = Release|Any CPU
		{54E7B780-63E4-4F11-A8F0-439096D5A129}.Release|Any CPU.Build.0 = Release|Any CPU
		{F2E9D8CB-705D-4685-B385-6041179C6623}.Debug|Any CPU.ActiveCfg = Debug|Any CPU
		{F2E9D8CB-705D-4685-B385-6041179C6623}.Debug|Any CPU.Build.0 = Debug|Any CPU
		{F2E9D8CB-705D-4685-B385-6041179C6623}.Release|Any CPU.ActiveCfg = Release|Any CPU
		{F2E9D8CB-705D-4685-B385-6041179C6623}.Release|Any CPU.Build.0 = Release|Any CPU
		{5863B293-D7C0-48E8-B2F4-E511409322D3}.Debug|Any CPU.ActiveCfg = Debug|Any CPU
		{5863B293-D7C0-48E8-B2F4-E511409322D3}.Debug|Any CPU.Build.0 = Debug|Any CPU
		{5863B293-D7C0-48E8-B2F4-E511409322D3}.Release|Any CPU.ActiveCfg = Release|Any CPU
		{5863B293-D7C0-48E8-B2F4-E511409322D3}.Release|Any CPU.Build.0 = Release|Any CPU
	EndGlobalSection
	GlobalSection(SolutionProperties) = preSolution
		HideSolutionNode = FALSE
	EndGlobalSection
	GlobalSection(NestedProjects) = preSolution
		{5863B293-D7C0-48E8-B2F4-E511409322D3} = {D258A962-6F13-44A5-B953-560251645998}
	EndGlobalSection
	GlobalSection(ExtensibilityGlobals) = postSolution
		SolutionGuid = {99FC7AB6-C931-4785-9C2C-6EF6DB87159B}
	EndGlobalSection
EndGlobal
